<?xml version="1.0" encoding="utf-8"?>
<Project ToolsVersion="4.0" xmlns="http://schemas.microsoft.com/developer/msbuild/2003">
  <ItemGroup>
    <Filter Include="Source Files">
      <UniqueIdentifier>{4FC737F1-C7A5-4376-A066-2A32D752A2FF}</UniqueIdentifier>
      <Extensions>cpp;c;cc;cxx;def;odl;idl;hpj;bat;asm;asmx</Extensions>
    </Filter>
    <Filter Include="Header Files">
      <UniqueIdentifier>{93995380-89BD-4b04-88EB-625FBE52EBFB}</UniqueIdentifier>
      <Extensions>h;hh;hpp;hxx;hm;inl;inc;xsd</Extensions>
    </Filter>
    <Filter Include="Resource Files">
      <UniqueIdentifier>{67DA6AB6-F800-4c08-8B7A-83BB121AAD01}</UniqueIdentifier>
      <Extensions>rc;ico;cur;bmp;dlg;rc2;rct;bin;rgs;gif;jpg;jpeg;jpe;resx;tiff;tif;png;wav;mfcribbon-ms</Extensions>
    </Filter>
  </ItemGroup>
  <ItemGroup>
    <Text Include="ReadMe.txt" />
  </ItemGroup>
  <ItemGroup>
    <ClInclude Include="stdafx.h">
      <Filter>Header Files</Filter>
    </ClInclude>
    <ClInclude Include="targetver.h">
      <Filter>Header Files</Filter>
    </ClInclude>
    <ClInclude Include="AnalysisClass.h">
      <Filter>Header Files</Filter>
    </ClInclude>
    <ClInclude Include="DataLoader.h">
      <Filter>Header Files</Filter>
    </ClInclude>
    <ClInclude Include="Selector.h">
      <Filter>Header Files</Filter>
    </ClInclude>
    <ClInclude Include="Analyzer.h">
      <Filter>Header Files</Filter>
    </ClInclude>
    <ClInclude Include="TimeAnalyzer.h">
      <Filter>Header Files</Filter>
    </ClInclude>
    <ClInclude Include="BananaAnalyzer.h">
      <Filter>Header Files</Filter>
    </ClInclude>
    <ClInclude Include="SiliciumAnalyzer.h">
      <Filter>Header Files</Filter>
    </ClInclude>
    <ClInclude Include="GasAnalyzer.h">
      <Filter>Header Files</Filter>
    </ClInclude>
    <ClInclude Include="Mg20GasAnalyzer.h">
      <Filter>Header Files</Filter>
    </ClInclude>
    <ClInclude Include="SRIMLoader.h">
      <Filter>Header Files</Filter>
    </ClInclude>
    <ClInclude Include="Mg20SiliciumAnalyzer.h">
      <Filter>Header Files</Filter>
    </ClInclude>
    <ClInclude Include="CalibrationClass.h">
      <Filter>Header Files</Filter>
    </ClInclude>
    <ClInclude Include="Calibration.h">
      <Filter>Header Files</Filter>
    </ClInclude>
    <ClInclude Include="ProtonMg21Analyzer.h">
      <Filter>Header Files</Filter>
    </ClInclude>
    <ClInclude Include="Kolmogorow.h">
      <Filter>Header Files</Filter>
    </ClInclude>
    <ClInclude Include="Cuts.h">
      <Filter>Header Files</Filter>
    </ClInclude>
    <ClInclude Include="Util.h">
      <Filter>Header Files</Filter>
    </ClInclude>
    <ClInclude Include="MonteCarlo.h">
      <Filter>Header Files</Filter>
    </ClInclude>
    <ClInclude Include="Cut.h">
      <Filter>Header Files</Filter>
    </ClInclude>
    <ClInclude Include="RootTCut.h">
      <Filter>Header Files</Filter>
    </ClInclude>
    <ClInclude Include="Cut1D.h">
      <Filter>Header Files</Filter>
    </ClInclude>
    <ClInclude Include="Macros.h">
      <Filter>Header Files</Filter>
    </ClInclude>
    <ClInclude Include="generateHistograms.h">
      <Filter>Header Files</Filter>
    </ClInclude>
    <ClInclude Include="Cut2D.h">
      <Filter>Header Files</Filter>
    </ClInclude>
    <ClInclude Include="Si1Si2Analyzer.h">
      <Filter>Header Files</Filter>
    </ClInclude>
    <ClInclude Include="DSSDAnalyzer.h">
      <Filter>Header Files</Filter>
    </ClInclude>
    <ClInclude Include="TimeCalc.h">
      <Filter>Header Files</Filter>
    </ClInclude>
    <ClInclude Include="BetaAnalyzer.h">
      <Filter>Header Files</Filter>
    </ClInclude>
    <ClInclude Include="LaseroffAnalyzer.h">
      <Filter>Header Files</Filter>
    </ClInclude>
    <ClInclude Include="SRIMM.h">
      <Filter>Header Files</Filter>
    </ClInclude>
  </ItemGroup>
  <ItemGroup>
    <ClCompile Include="stdafx.cpp">
      <Filter>Source Files</Filter>
    </ClCompile>
    <ClCompile Include="ROOT.cpp">
      <Filter>Source Files</Filter>
    </ClCompile>
    <ClCompile Include="is507.cpp">
      <Filter>Source Files</Filter>
    </ClCompile>
    <ClCompile Include="timeHistograms.cpp">
      <Filter>Source Files</Filter>
    </ClCompile>
    <ClCompile Include="DataLoader.cpp">
      <Filter>Source Files</Filter>
    </ClCompile>
    <ClCompile Include="binOptimize.cpp">
      <Filter>Source Files</Filter>
    </ClCompile>
    <ClCompile Include="Selector.cpp">
      <Filter>Source Files</Filter>
    </ClCompile>
    <ClCompile Include="TimeAnalyzer.cpp">
      <Filter>Source Files</Filter>
    </ClCompile>
    <ClCompile Include="BananaAnalyzer.cpp">
      <Filter>Source Files</Filter>
    </ClCompile>
    <ClCompile Include="SiliciumAnalyzer.cpp">
      <Filter>Source Files</Filter>
    </ClCompile>
    <ClCompile Include="SRIM.cpp">
      <Filter>Source Files</Filter>
    </ClCompile>
    <ClCompile Include="GasAnalyzer.cpp">
      <Filter>Source Files</Filter>
    </ClCompile>
    <ClCompile Include="Mg20GasAnalyzer.cpp">
      <Filter>Source Files</Filter>
    </ClCompile>
    <ClCompile Include="Mg20SiliciumAnalyzer.cpp">
      <Filter>Source Files</Filter>
    </ClCompile>
    <ClCompile Include="IterateSRIM.cpp">
      <Filter>Source Files</Filter>
    </ClCompile>
    <ClCompile Include="iteratePeakEnergy.cpp">
      <Filter>Source Files</Filter>
    </ClCompile>
    <ClCompile Include="ProtonMg21Analyzer.cpp">
      <Filter>Source Files</Filter>
    </ClCompile>
    <ClCompile Include="TimeAnalysis.cpp">
      <Filter>Source Files</Filter>
    </ClCompile>
    <ClCompile Include="Kolmogorow.cpp">
      <Filter>Source Files</Filter>
    </ClCompile>
    <ClCompile Include="Cuts.cpp">
      <Filter>Source Files</Filter>
    </ClCompile>
    <ClCompile Include="CumuTime.cpp">
      <Filter>Source Files</Filter>
    </ClCompile>
    <ClCompile Include="MonteCarloSimulation.cpp">
      <Filter>Source Files</Filter>
    </ClCompile>
    <ClCompile Include="Si1Si2Analyzer.cpp">
      <Filter>Source Files</Filter>
    </ClCompile>
    <ClCompile Include="Util.cpp">
      <Filter>Source Files</Filter>
    </ClCompile>
    <ClCompile Include="MonteCarlo.cpp">
      <Filter>Source Files</Filter>
    </ClCompile>
    <ClCompile Include="TimeCalc.cpp">
      <Filter>Source Files</Filter>
    </ClCompile>
    <ClCompile Include="BetaAnalyzer.cpp">
      <Filter>Source Files</Filter>
    </ClCompile>
    <ClCompile Include="DSSDAnalyzer.cpp">
      <Filter>Source Files</Filter>
    </ClCompile>
    <ClCompile Include="LaseroffAnalyzer.cpp">
      <Filter>Source Files</Filter>
    </ClCompile>
    <ClCompile Include="SRIMM.cpp">
      <Filter>Source Files</Filter>
    </ClCompile>
    <ClCompile Include="Awesomeize.cpp">
      <Filter>Source Files</Filter>
    </ClCompile>
  </ItemGroup>
  <ItemGroup>
    <None Include="Histogrammer\cumulated_alpha_cuts.root">
      <Filter>Source Files</Filter>
    </None>
  </ItemGroup>
</Project>